// !$*UTF8*$!
{
	archiveVersion = 1;
	classes = {
	};
	objectVersion = 56;
	objects = {

/* Begin PBXBuildFile section */
		CB563EFF2A71296E004BA19D /* DownloadManager.swift in Sources */ = {isa = PBXBuildFile; fileRef = CB563EFE2A71296E004BA19D /* DownloadManager.swift */; };
		CB7C4414299B8BA300727323 /* AppDelegate.swift in Sources */ = {isa = PBXBuildFile; fileRef = CB7C4413299B8BA300727323 /* AppDelegate.swift */; };
		CB7C4416299B8BA300727323 /* SceneDelegate.swift in Sources */ = {isa = PBXBuildFile; fileRef = CB7C4415299B8BA300727323 /* SceneDelegate.swift */; };
		CB7C4418299B8BA300727323 /* MainViewController.swift in Sources */ = {isa = PBXBuildFile; fileRef = CB7C4417299B8BA300727323 /* MainViewController.swift */; };
		CB7C441B299B8BA300727323 /* Main.storyboard in Resources */ = {isa = PBXBuildFile; fileRef = CB7C4419299B8BA300727323 /* Main.storyboard */; };
		CB7C441E299B8BA300727323 /* SampleiOSApp.xcdatamodeld in Sources */ = {isa = PBXBuildFile; fileRef = CB7C441C299B8BA300727323 /* SampleiOSApp.xcdatamodeld */; };
		CB7C4420299B8BA500727323 /* Assets.xcassets in Resources */ = {isa = PBXBuildFile; fileRef = CB7C441F299B8BA500727323 /* Assets.xcassets */; };
		CB7C4423299B8BA500727323 /* LaunchScreen.storyboard in Resources */ = {isa = PBXBuildFile; fileRef = CB7C4421299B8BA500727323 /* LaunchScreen.storyboard */; };
		CB7C442E299B8BA500727323 /* SampleiOSAppTests.swift in Sources */ = {isa = PBXBuildFile; fileRef = CB7C442D299B8BA500727323 /* SampleiOSAppTests.swift */; };
		CB7C4438299B8BA500727323 /* SampleiOSAppUITests.swift in Sources */ = {isa = PBXBuildFile; fileRef = CB7C4437299B8BA500727323 /* SampleiOSAppUITests.swift */; };
		CB7C443A299B8BA500727323 /* SampleiOSAppUITestsLaunchTests.swift in Sources */ = {isa = PBXBuildFile; fileRef = CB7C4439299B8BA500727323 /* SampleiOSAppUITestsLaunchTests.swift */; };
/* End PBXBuildFile section */

/* Begin PBXContainerItemProxy section */
		CB7C442A299B8BA500727323 /* PBXContainerItemProxy */ = {
			isa = PBXContainerItemProxy;
			containerPortal = CB7C4408299B8BA300727323 /* Project object */;
			proxyType = 1;
			remoteGlobalIDString = CB7C440F299B8BA300727323;
			remoteInfo = SampleiOSApp;
		};
		CB7C4434299B8BA500727323 /* PBXContainerItemProxy */ = {
			isa = PBXContainerItemProxy;
			containerPortal = CB7C4408299B8BA300727323 /* Project object */;
			proxyType = 1;
			remoteGlobalIDString = CB7C440F299B8BA300727323;
			remoteInfo = SampleiOSApp;
		};
/* End PBXContainerItemProxy section */

/* Begin PBXFileReference section */
		CB563EFE2A71296E004BA19D /* DownloadManager.swift */ = {isa = PBXFileReference; lastKnownFileType = sourcecode.swift; path = DownloadManager.swift; sourceTree = "<group>"; };
		CB7C4410299B8BA300727323 /* SampleiOSApp.app */ = {isa = PBXFileReference; explicitFileType = wrapper.application; includeInIndex = 0; path = SampleiOSApp.app; sourceTree = BUILT_PRODUCTS_DIR; };
		CB7C4413299B8BA300727323 /* AppDelegate.swift */ = {isa = PBXFileReference; lastKnownFileType = sourcecode.swift; path = AppDelegate.swift; sourceTree = "<group>"; };
		CB7C4415299B8BA300727323 /* SceneDelegate.swift */ = {isa = PBXFileReference; lastKnownFileType = sourcecode.swift; path = SceneDelegate.swift; sourceTree = "<group>"; };
		CB7C4417299B8BA300727323 /* MainViewController.swift */ = {isa = PBXFileReference; lastKnownFileType = sourcecode.swift; path = MainViewController.swift; sourceTree = "<group>"; };
		CB7C441A299B8BA300727323 /* Base */ = {isa = PBXFileReference; lastKnownFileType = file.storyboard; name = Base; path = Base.lproj/Main.storyboard; sourceTree = "<group>"; };
		CB7C441D299B8BA300727323 /* SampleiOSApp.xcdatamodel */ = {isa = PBXFileReference; lastKnownFileType = wrapper.xcdatamodel; path = SampleiOSApp.xcdatamodel; sourceTree = "<group>"; };
		CB7C441F299B8BA500727323 /* Assets.xcassets */ = {isa = PBXFileReference; lastKnownFileType = folder.assetcatalog; path = Assets.xcassets; sourceTree = "<group>"; };
		CB7C4422299B8BA500727323 /* Base */ = {isa = PBXFileReference; lastKnownFileType = file.storyboard; name = Base; path = Base.lproj/LaunchScreen.storyboard; sourceTree = "<group>"; };
		CB7C4424299B8BA500727323 /* Info.plist */ = {isa = PBXFileReference; lastKnownFileType = text.plist.xml; path = Info.plist; sourceTree = "<group>"; };
		CB7C4429299B8BA500727323 /* SampleiOSAppTests.xctest */ = {isa = PBXFileReference; explicitFileType = wrapper.cfbundle; includeInIndex = 0; path = SampleiOSAppTests.xctest; sourceTree = BUILT_PRODUCTS_DIR; };
		CB7C442D299B8BA500727323 /* SampleiOSAppTests.swift */ = {isa = PBXFileReference; lastKnownFileType = sourcecode.swift; path = SampleiOSAppTests.swift; sourceTree = "<group>"; };
		CB7C4433299B8BA500727323 /* SampleiOSAppUITests.xctest */ = {isa = PBXFileReference; explicitFileType = wrapper.cfbundle; includeInIndex = 0; path = SampleiOSAppUITests.xctest; sourceTree = BUILT_PRODUCTS_DIR; };
		CB7C4437299B8BA500727323 /* SampleiOSAppUITests.swift */ = {isa = PBXFileReference; lastKnownFileType = sourcecode.swift; path = SampleiOSAppUITests.swift; sourceTree = "<group>"; };
		CB7C4439299B8BA500727323 /* SampleiOSAppUITestsLaunchTests.swift */ = {isa = PBXFileReference; lastKnownFileType = sourcecode.swift; path = SampleiOSAppUITestsLaunchTests.swift; sourceTree = "<group>"; };
/* End PBXFileReference section */

/* Begin PBXFrameworksBuildPhase section */
		CB7C440D299B8BA300727323 /* Frameworks */ = {
			isa = PBXFrameworksBuildPhase;
			buildActionMask = 2147483647;
			files = (
			);
			runOnlyForDeploymentPostprocessing = 0;
		};
		CB7C4426299B8BA500727323 /* Frameworks */ = {
			isa = PBXFrameworksBuildPhase;
			buildActionMask = 2147483647;
			files = (
			);
			runOnlyForDeploymentPostprocessing = 0;
		};
		CB7C4430299B8BA500727323 /* Frameworks */ = {
			isa = PBXFrameworksBuildPhase;
			buildActionMask = 2147483647;
			files = (
			);
			runOnlyForDeploymentPostprocessing = 0;
		};
/* End PBXFrameworksBuildPhase section */

/* Begin PBXGroup section */
		CB7C4407299B8BA300727323 = {
			isa = PBXGroup;
			children = (
				CB7C4412299B8BA300727323 /* SampleiOSApp */,
				CB7C442C299B8BA500727323 /* SampleiOSAppTests */,
				CB7C4436299B8BA500727323 /* SampleiOSAppUITests */,
				CB7C4411299B8BA300727323 /* Products */,
			);
			sourceTree = "<group>";
		};
		CB7C4411299B8BA300727323 /* Products */ = {
			isa = PBXGroup;
			children = (
				CB7C4410299B8BA300727323 /* SampleiOSApp.app */,
				CB7C4429299B8BA500727323 /* SampleiOSAppTests.xctest */,
				CB7C4433299B8BA500727323 /* SampleiOSAppUITests.xctest */,
			);
			name = Products;
			sourceTree = "<group>";
		};
		CB7C4412299B8BA300727323 /* SampleiOSApp */ = {
			isa = PBXGroup;
			children = (
				CB7C4413299B8BA300727323 /* AppDelegate.swift */,
				CB7C4415299B8BA300727323 /* SceneDelegate.swift */,
				CB7C448C299CB01E00727323 /* ViewControllers */,
				CB7C4419299B8BA300727323 /* Main.storyboard */,
				CB7C441F299B8BA500727323 /* Assets.xcassets */,
				CB7C4421299B8BA500727323 /* LaunchScreen.storyboard */,
				CB7C4424299B8BA500727323 /* Info.plist */,
				CB7C441C299B8BA300727323 /* SampleiOSApp.xcdatamodeld */,
			);
			path = SampleiOSApp;
			sourceTree = "<group>";
		};
		CB7C442C299B8BA500727323 /* SampleiOSAppTests */ = {
			isa = PBXGroup;
			children = (
				CB7C442D299B8BA500727323 /* SampleiOSAppTests.swift */,
			);
			path = SampleiOSAppTests;
			sourceTree = "<group>";
		};
		CB7C4436299B8BA500727323 /* SampleiOSAppUITests */ = {
			isa = PBXGroup;
			children = (
				CB7C4437299B8BA500727323 /* SampleiOSAppUITests.swift */,
				CB7C4439299B8BA500727323 /* SampleiOSAppUITestsLaunchTests.swift */,
			);
			path = SampleiOSAppUITests;
			sourceTree = "<group>";
		};
		CB7C448C299CB01E00727323 /* ViewControllers */ = {
			isa = PBXGroup;
			children = (
				CB7C4417299B8BA300727323 /* MainViewController.swift */,
				CB563EFE2A71296E004BA19D /* DownloadManager.swift */,
			);
			path = ViewControllers;
			sourceTree = "<group>";
		};
/* End PBXGroup section */

/* Begin PBXNativeTarget section */
		CB7C440F299B8BA300727323 /* SampleiOSApp */ = {
			isa = PBXNativeTarget;
			buildConfigurationList = CB7C443D299B8BA500727323 /* Build configuration list for PBXNativeTarget "SampleiOSApp" */;
			buildPhases = (
				CB7C440C299B8BA300727323 /* Sources */,
				CB7C440D299B8BA300727323 /* Frameworks */,
				CB7C440E299B8BA300727323 /* Resources */,
			);
			buildRules = (
			);
			dependencies = (
			);
			name = SampleiOSApp;
			productName = SampleiOSApp;
			productReference = CB7C4410299B8BA300727323 /* SampleiOSApp.app */;
			productType = "com.apple.product-type.application";
		};
		CB7C4428299B8BA500727323 /* SampleiOSAppTests */ = {
			isa = PBXNativeTarget;
			buildConfigurationList = CB7C4440299B8BA500727323 /* Build configuration list for PBXNativeTarget "SampleiOSAppTests" */;
			buildPhases = (
				CB7C4425299B8BA500727323 /* Sources */,
				CB7C4426299B8BA500727323 /* Frameworks */,
				CB7C4427299B8BA500727323 /* Resources */,
			);
			buildRules = (
			);
			dependencies = (
				CB7C442B299B8BA500727323 /* PBXTargetDependency */,
			);
			name = SampleiOSAppTests;
			productName = SampleiOSAppTests;
			productReference = CB7C4429299B8BA500727323 /* SampleiOSAppTests.xctest */;
			productType = "com.apple.product-type.bundle.unit-test";
		};
		CB7C4432299B8BA500727323 /* SampleiOSAppUITests */ = {
			isa = PBXNativeTarget;
			buildConfigurationList = CB7C4443299B8BA500727323 /* Build configuration list for PBXNativeTarget "SampleiOSAppUITests" */;
			buildPhases = (
				CB7C442F299B8BA500727323 /* Sources */,
				CB7C4430299B8BA500727323 /* Frameworks */,
				CB7C4431299B8BA500727323 /* Resources */,
			);
			buildRules = (
			);
			dependencies = (
				CB7C4435299B8BA500727323 /* PBXTargetDependency */,
			);
			name = SampleiOSAppUITests;
			productName = SampleiOSAppUITests;
			productReference = CB7C4433299B8BA500727323 /* SampleiOSAppUITests.xctest */;
			productType = "com.apple.product-type.bundle.ui-testing";
		};
/* End PBXNativeTarget section */

/* Begin PBXProject section */
		CB7C4408299B8BA300727323 /* Project object */ = {
			isa = PBXProject;
			attributes = {
				BuildIndependentTargetsInParallel = 1;
				LastSwiftUpdateCheck = 1400;
				LastUpgradeCheck = 1400;
				TargetAttributes = {
					CB7C440F299B8BA300727323 = {
						CreatedOnToolsVersion = 14.0.1;
					};
					CB7C4428299B8BA500727323 = {
						CreatedOnToolsVersion = 14.0.1;
						TestTargetID = CB7C440F299B8BA300727323;
					};
					CB7C4432299B8BA500727323 = {
						CreatedOnToolsVersion = 14.0.1;
						TestTargetID = CB7C440F299B8BA300727323;
					};
				};
			};
			buildConfigurationList = CB7C440B299B8BA300727323 /* Build configuration list for PBXProject "SampleiOSApp" */;
			compatibilityVersion = "Xcode 14.0";
			developmentRegion = en;
			hasScannedForEncodings = 0;
			knownRegions = (
				en,
				Base,
			);
			mainGroup = CB7C4407299B8BA300727323;
			productRefGroup = CB7C4411299B8BA300727323 /* Products */;
			projectDirPath = "";
			projectRoot = "";
			targets = (
				CB7C440F299B8BA300727323 /* SampleiOSApp */,
				CB7C4428299B8BA500727323 /* SampleiOSAppTests */,
				CB7C4432299B8BA500727323 /* SampleiOSAppUITests */,
			);
		};
/* End PBXProject section */

/* Begin PBXResourcesBuildPhase section */
		CB7C440E299B8BA300727323 /* Resources */ = {
			isa = PBXResourcesBuildPhase;
			buildActionMask = 2147483647;
			files = (
				CB7C4423299B8BA500727323 /* LaunchScreen.storyboard in Resources */,
				CB7C4420299B8BA500727323 /* Assets.xcassets in Resources */,
				CB7C441B299B8BA300727323 /* Main.storyboard in Resources */,
			);
			runOnlyForDeploymentPostprocessing = 0;
		};
		CB7C4427299B8BA500727323 /* Resources */ = {
			isa = PBXResourcesBuildPhase;
			buildActionMask = 2147483647;
			files = (
			);
			runOnlyForDeploymentPostprocessing = 0;
		};
		CB7C4431299B8BA500727323 /* Resources */ = {
			isa = PBXResourcesBuildPhase;
			buildActionMask = 2147483647;
			files = (
			);
			runOnlyForDeploymentPostprocessing = 0;
		};
/* End PBXResourcesBuildPhase section */

/* Begin PBXSourcesBuildPhase section */
		CB7C440C299B8BA300727323 /* Sources */ = {
			isa = PBXSourcesBuildPhase;
			buildActionMask = 2147483647;
			files = (
				CB7C4418299B8BA300727323 /* MainViewController.swift in Sources */,
				CB563EFF2A71296E004BA19D /* DownloadManager.swift in Sources */,
				CB7C4414299B8BA300727323 /* AppDelegate.swift in Sources */,
				CB7C4416299B8BA300727323 /* SceneDelegate.swift in Sources */,
				CB7C441E299B8BA300727323 /* SampleiOSApp.xcdatamodeld in Sources */,
			);
			runOnlyForDeploymentPostprocessing = 0;
		};
		CB7C4425299B8BA500727323 /* Sources */ = {
			isa = PBXSourcesBuildPhase;
			buildActionMask = 2147483647;
			files = (
				CB7C442E299B8BA500727323 /* SampleiOSAppTests.swift in Sources */,
			);
			runOnlyForDeploymentPostprocessing = 0;
		};
		CB7C442F299B8BA500727323 /* Sources */ = {
			isa = PBXSourcesBuildPhase;
			buildActionMask = 2147483647;
			files = (
				CB7C443A299B8BA500727323 /* SampleiOSAppUITestsLaunchTests.swift in Sources */,
				CB7C4438299B8BA500727323 /* SampleiOSAppUITests.swift in Sources */,
			);
			runOnlyForDeploymentPostprocessing = 0;
		};
/* End PBXSourcesBuildPhase section */

/* Begin PBXTargetDependency section */
		CB7C442B299B8BA500727323 /* PBXTargetDependency */ = {
			isa = PBXTargetDependency;
			target = CB7C440F299B8BA300727323 /* SampleiOSApp */;
			targetProxy = CB7C442A299B8BA500727323 /* PBXContainerItemProxy */;
		};
		CB7C4435299B8BA500727323 /* PBXTargetDependency */ = {
			isa = PBXTargetDependency;
			target = CB7C440F299B8BA300727323 /* SampleiOSApp */;
			targetProxy = CB7C4434299B8BA500727323 /* PBXContainerItemProxy */;
		};
/* End PBXTargetDependency section */

/* Begin PBXVariantGroup section */
		CB7C4419299B8BA300727323 /* Main.storyboard */ = {
			isa = PBXVariantGroup;
			children = (
				CB7C441A299B8BA300727323 /* Base */,
			);
			name = Main.storyboard;
			sourceTree = "<group>";
		};
		CB7C4421299B8BA500727323 /* LaunchScreen.storyboard */ = {
			isa = PBXVariantGroup;
			children = (
				CB7C4422299B8BA500727323 /* Base */,
			);
			name = LaunchScreen.storyboard;
			sourceTree = "<group>";
		};
/* End PBXVariantGroup section */

/* Begin XCBuildConfiguration section */
		CB7C443B299B8BA500727323 /* Debug */ = {
			isa = XCBuildConfiguration;
			buildSettings = {
				ALWAYS_SEARCH_USER_PATHS = NO;
				CLANG_ANALYZER_NONNULL = YES;
				CLANG_ANALYZER_NUMBER_OBJECT_CONVERSION = YES_AGGRESSIVE;
				CLANG_CXX_LANGUAGE_STANDARD = "gnu++20";
				CLANG_ENABLE_MODULES = YES;
				CLANG_ENABLE_OBJC_ARC = YES;
				CLANG_ENABLE_OBJC_WEAK = YES;
				CLANG_WARN_BLOCK_CAPTURE_AUTORELEASING = YES;
				CLANG_WARN_BOOL_CONVERSION = YES;
				CLANG_WARN_COMMA = YES;
				CLANG_WARN_CONSTANT_CONVERSION = YES;
				CLANG_WARN_DEPRECATED_OBJC_IMPLEMENTATIONS = YES;
				CLANG_WARN_DIRECT_OBJC_ISA_USAGE = YES_ERROR;
				CLANG_WARN_DOCUMENTATION_COMMENTS = YES;
				CLANG_WARN_EMPTY_BODY = YES;
				CLANG_WARN_ENUM_CONVERSION = YES;
				CLANG_WARN_INFINITE_RECURSION = YES;
				CLANG_WARN_INT_CONVERSION = YES;
				CLANG_WARN_NON_LITERAL_NULL_CONVERSION = YES;
				CLANG_WARN_OBJC_IMPLICIT_RETAIN_SELF = YES;
				CLANG_WARN_OBJC_LITERAL_CONVERSION = YES;
				CLANG_WARN_OBJC_ROOT_CLASS = YES_ERROR;
				CLANG_WARN_QUOTED_INCLUDE_IN_FRAMEWORK_HEADER = YES;
				CLANG_WARN_RANGE_LOOP_ANALYSIS = YES;
				CLANG_WARN_STRICT_PROTOTYPES = YES;
				CLANG_WARN_SUSPICIOUS_MOVE = YES;
				CLANG_WARN_UNGUARDED_AVAILABILITY = YES_AGGRESSIVE;
				CLANG_WARN_UNREACHABLE_CODE = YES;
				CLANG_WARN__DUPLICATE_METHOD_MATCH = YES;
				COPY_PHASE_STRIP = NO;
				DEBUG_INFORMATION_FORMAT = dwarf;
				ENABLE_STRICT_OBJC_MSGSEND = YES;
				ENABLE_TESTABILITY = YES;
				GCC_C_LANGUAGE_STANDARD = gnu11;
				GCC_DYNAMIC_NO_PIC = NO;
				GCC_NO_COMMON_BLOCKS = YES;
				GCC_OPTIMIZATION_LEVEL = 0;
				GCC_PREPROCESSOR_DEFINITIONS = (
					"DEBUG=1",
					"$(inherited)",
				);
				GCC_WARN_64_TO_32_BIT_CONVERSION = YES;
				GCC_WARN_ABOUT_RETURN_TYPE = YES_ERROR;
				GCC_WARN_UNDECLARED_SELECTOR = YES;
				GCC_WARN_UNINITIALIZED_AUTOS = YES_AGGRESSIVE;
				GCC_WARN_UNUSED_FUNCTION = YES;
				GCC_WARN_UNUSED_VARIABLE = YES;
				IPHONEOS_DEPLOYMENT_TARGET = 15.0;
				MTL_ENABLE_DEBUG_INFO = INCLUDE_SOURCE;
				MTL_FAST_MATH = YES;
				ONLY_ACTIVE_ARCH = YES;
				SDKROOT = iphoneos;
				SWIFT_ACTIVE_COMPILATION_CONDITIONS = DEBUG;
				SWIFT_OPTIMIZATION_LEVEL = "-Onone";
			};
			name = Debug;
		};
		CB7C443C299B8BA500727323 /* Release */ = {
			isa = XCBuildConfiguration;
			buildSettings = {
				ALWAYS_SEARCH_USER_PATHS = NO;
				CLANG_ANALYZER_NONNULL = YES;
				CLANG_ANALYZER_NUMBER_OBJECT_CONVERSION = YES_AGGRESSIVE;
				CLANG_CXX_LANGUAGE_STANDARD = "gnu++20";
				CLANG_ENABLE_MODULES = YES;
				CLANG_ENABLE_OBJC_ARC = YES;
				CLANG_ENABLE_OBJC_WEAK = YES;
				CLANG_WARN_BLOCK_CAPTURE_AUTORELEASING = YES;
				CLANG_WARN_BOOL_CONVERSION = YES;
				CLANG_WARN_COMMA = YES;
				CLANG_WARN_CONSTANT_CONVERSION = YES;
				CLANG_WARN_DEPRECATED_OBJC_IMPLEMENTATIONS = YES;
				CLANG_WARN_DIRECT_OBJC_ISA_USAGE = YES_ERROR;
				CLANG_WARN_DOCUMENTATION_COMMENTS = YES;
				CLANG_WARN_EMPTY_BODY = YES;
				CLANG_WARN_ENUM_CONVERSION = YES;
				CLANG_WARN_INFINITE_RECURSION = YES;
				CLANG_WARN_INT_CONVERSION = YES;
				CLANG_WARN_NON_LITERAL_NULL_CONVERSION = YES;
				CLANG_WARN_OBJC_IMPLICIT_RETAIN_SELF = YES;
				CLANG_WARN_OBJC_LITERAL_CONVERSION = YES;
				CLANG_WARN_OBJC_ROOT_CLASS = YES_ERROR;
				CLANG_WARN_QUOTED_INCLUDE_IN_FRAMEWORK_HEADER = YES;
				CLANG_WARN_RANGE_LOOP_ANALYSIS = YES;
				CLANG_WARN_STRICT_PROTOTYPES = YES;
				CLANG_WARN_SUSPICIOUS_MOVE = YES;
				CLANG_WARN_UNGUARDED_AVAILABILITY = YES_AGGRESSIVE;
				CLANG_WARN_UNREACHABLE_CODE = YES;
				CLANG_WARN__DUPLICATE_METHOD_MATCH = YES;
				COPY_PHASE_STRIP = NO;
				DEBUG_INFORMATION_FORMAT = "dwarf-with-dsym";
				ENABLE_NS_ASSERTIONS = NO;
				ENABLE_STRICT_OBJC_MSGSEND = YES;
				GCC_C_LANGUAGE_STANDARD = gnu11;
				GCC_NO_COMMON_BLOCKS = YES;
				GCC_WARN_64_TO_32_BIT_CONVERSION = YES;
				GCC_WARN_ABOUT_RETURN_TYPE = YES_ERROR;
				GCC_WARN_UNDECLARED_SELECTOR = YES;
				GCC_WARN_UNINITIALIZED_AUTOS = YES_AGGRESSIVE;
				GCC_WARN_UNUSED_FUNCTION = YES;
				GCC_WARN_UNUSED_VARIABLE = YES;
				IPHONEOS_DEPLOYMENT_TARGET = 15.0;
				MTL_ENABLE_DEBUG_INFO = NO;
				MTL_FAST_MATH = YES;
				SDKROOT = iphoneos;
				SWIFT_COMPILATION_MODE = wholemodule;
				SWIFT_OPTIMIZATION_LEVEL = "-O";
				VALIDATE_PRODUCT = YES;
			};
			name = Release;
		};
		CB7C443E299B8BA500727323 /* Debug */ = {
			isa = XCBuildConfiguration;
			buildSettings = {
				ASSETCATALOG_COMPILER_APPICON_NAME = AppIcon;
				ASSETCATALOG_COMPILER_GLOBAL_ACCENT_COLOR_NAME = AccentColor;
				CODE_SIGN_STYLE = Automatic;
				CURRENT_PROJECT_VERSION = 1;
				GENERATE_INFOPLIST_FILE = YES;
				INFOPLIST_FILE = SampleiOSApp/Info.plist;
				INFOPLIST_KEY_UIApplicationSupportsIndirectInputEvents = YES;
				INFOPLIST_KEY_UILaunchStoryboardName = LaunchScreen;
				INFOPLIST_KEY_UIMainStoryboardFile = Main;
				INFOPLIST_KEY_UISupportedInterfaceOrientations_iPad = "UIInterfaceOrientationPortrait UIInterfaceOrientationPortraitUpsideDown UIInterfaceOrientationLandscapeLeft UIInterfaceOrientationLandscapeRight";
				INFOPLIST_KEY_UISupportedInterfaceOrientations_iPhone = "UIInterfaceOrientationPortrait UIInterfaceOrientationLandscapeLeft UIInterfaceOrientationLandscapeRight";
				IPHONEOS_DEPLOYMENT_TARGET = 15.0;
				LD_RUNPATH_SEARCH_PATHS = (
					"$(inherited)",
					"@executable_path/Frameworks",
				);
				MARKETING_VERSION = 1.0;
				PRODUCT_BUNDLE_IDENTIFIER = OSI.SampleiOSApp;
				PRODUCT_NAME = "$(TARGET_NAME)";
				SWIFT_EMIT_LOC_STRINGS = YES;
				SWIFT_VERSION = 5.0;
				TARGETED_DEVICE_FAMILY = "1,2";
			};
			name = Debug;
		};
		CB7C443F299B8BA500727323 /* Release */ = {
			isa = XCBuildConfiguration;
			buildSettings = {
				ASSETCATALOG_COMPILER_APPICON_NAME = AppIcon;
				ASSETCATALOG_COMPILER_GLOBAL_ACCENT_COLOR_NAME = AccentColor;
				CODE_SIGN_STYLE = Automatic;
				CURRENT_PROJECT_VERSION = 1;
				GENERATE_INFOPLIST_FILE = YES;
				INFOPLIST_FILE = SampleiOSApp/Info.plist;
				INFOPLIST_KEY_UIApplicationSupportsIndirectInputEvents = YES;
				INFOPLIST_KEY_UILaunchStoryboardName = LaunchScreen;
				INFOPLIST_KEY_UIMainStoryboardFile = Main;
				INFOPLIST_KEY_UISupportedInterfaceOrientations_iPad = "UIInterfaceOrientationPortrait UIInterfaceOrientationPortraitUpsideDown UIInterfaceOrientationLandscapeLeft UIInterfaceOrientationLandscapeRight";
				INFOPLIST_KEY_UISupportedInterfaceOrientations_iPhone = "UIInterfaceOrientationPortrait UIInterfaceOrientationLandscapeLeft UIInterfaceOrientationLandscapeRight";
				IPHONEOS_DEPLOYMENT_TARGET = 15.0;
				LD_RUNPATH_SEARCH_PATHS = (
					"$(inherited)",
					"@executable_path/Frameworks",
				);
				MARKETING_VERSION = 1.0;
				PRODUCT_BUNDLE_IDENTIFIER = OSI.SampleiOSApp;
				PRODUCT_NAME = "$(TARGET_NAME)";
				SWIFT_EMIT_LOC_STRINGS = YES;
				SWIFT_VERSION = 5.0;
				TARGETED_DEVICE_FAMILY = "1,2";
			};
			name = Release;
		};
		CB7C4441299B8BA500727323 /* Debug */ = {
			isa = XCBuildConfiguration;
			buildSettings = {
				ALWAYS_EMBED_SWIFT_STANDARD_LIBRARIES = YES;
				BUNDLE_LOADER = "$(TEST_HOST)";
				CODE_SIGN_STYLE = Automatic;
				CURRENT_PROJECT_VERSION = 1;
				GENERATE_INFOPLIST_FILE = YES;
				IPHONEOS_DEPLOYMENT_TARGET = 16.0;
				MARKETING_VERSION = 1.0;
				PRODUCT_BUNDLE_IDENTIFIER = OSI.SampleiOSAppTests;
				PRODUCT_NAME = "$(TARGET_NAME)";
				SWIFT_EMIT_LOC_STRINGS = NO;
				SWIFT_VERSION = 5.0;
				TARGETED_DEVICE_FAMILY = "1,2";
				TEST_HOST = "$(BUILT_PRODUCTS_DIR)/SampleiOSApp.app/$(BUNDLE_EXECUTABLE_FOLDER_PATH)/SampleiOSApp";
			};
			name = Debug;
		};
		CB7C4442299B8BA500727323 /* Release */ = {
			isa = XCBuildConfiguration;
			buildSettings = {
				ALWAYS_EMBED_SWIFT_STANDARD_LIBRARIES = YES;
				BUNDLE_LOADER = "$(TEST_HOST)";
				CODE_SIGN_STYLE = Automatic;
				CURRENT_PROJECT_VERSION = 1;
				GENERATE_INFOPLIST_FILE = YES;
				IPHONEOS_DEPLOYMENT_TARGET = 16.0;
				MARKETING_VERSION = 1.0;
				PRODUCT_BUNDLE_IDENTIFIER = OSI.SampleiOSAppTests;
				PRODUCT_NAME = "$(TARGET_NAME)";
				SWIFT_EMIT_LOC_STRINGS = NO;
				SWIFT_VERSION = 5.0;
				TARGETED_DEVICE_FAMILY = "1,2";
				TEST_HOST = "$(BUILT_PRODUCTS_DIR)/SampleiOSApp.app/$(BUNDLE_EXECUTABLE_FOLDER_PATH)/SampleiOSApp";
			};
			name = Release;
		};
		CB7C4444299B8BA500727323 /* Debug */ = {
			isa = XCBuildConfiguration;
			buildSettings = {
				ALWAYS_EMBED_SWIFT_STANDARD_LIBRARIES = YES;
				CODE_SIGN_STYLE = Automatic;
				CURRENT_PROJECT_VERSION = 1;
				GENERATE_INFOPLIST_FILE = YES;
				MARKETING_VERSION = 1.0;
				PRODUCT_BUNDLE_IDENTIFIER = OSI.SampleiOSAppUITests;
				PRODUCT_NAME = "$(TARGET_NAME)";
				SWIFT_EMIT_LOC_STRINGS = NO;
				SWIFT_VERSION = 5.0;
				TARGETED_DEVICE_FAMILY = "1,2";
				TEST_TARGET_NAME = SampleiOSApp;
			};
			name = Debug;
		};
		CB7C4445299B8BA500727323 /* Release */ = {
			isa = XCBuildConfiguration;
			buildSettings = {
				ALWAYS_EMBED_SWIFT_STANDARD_LIBRARIES = YES;
				CODE_SIGN_STYLE = Automatic;
				CURRENT_PROJECT_VERSION = 1;
				GENERATE_INFOPLIST_FILE = YES;
				MARKETING_VERSION = 1.0;
				PRODUCT_BUNDLE_IDENTIFIER = OSI.SampleiOSAppUITests;
				PRODUCT_NAME = "$(TARGET_NAME)";
				SWIFT_EMIT_LOC_STRINGS = NO;
				SWIFT_VERSION = 5.0;
				TARGETED_DEVICE_FAMILY = "1,2";
				TEST_TARGET_NAME = SampleiOSApp;
			};
			name = Release;
		};
/* End XCBuildConfiguration section */

/* Begin XCConfigurationList section */
		CB7C440B299B8BA300727323 /* Build configuration list for PBXProject "SampleiOSApp" */ = {
			isa = XCConfigurationList;
			buildConfigurations = (
				CB7C443B299B8BA500727323 /* Debug */,
				CB7C443C299B8BA500727323 /* Release */,
			);
			defaultConfigurationIsVisible = 0;
			defaultConfigurationName = Release;
		};
		CB7C443D299B8BA500727323 /* Build configuration list for PBXNativeTarget "SampleiOSApp" */ = {
			isa = XCConfigurationList;
			buildConfigurations = (
				CB7C443E299B8BA500727323 /* Debug */,
				CB7C443F299B8BA500727323 /* Release */,
			);
			defaultConfigurationIsVisible = 0;
			defaultConfigurationName = Release;
		};
		CB7C4440299B8BA500727323 /* Build configuration list for PBXNativeTarget "SampleiOSAppTests" */ = {
			isa = XCConfigurationList;
			buildConfigurations = (
				CB7C4441299B8BA500727323 /* Debug */,
				CB7C4442299B8BA500727323 /* Release */,
			);
			defaultConfigurationIsVisible = 0;
			defaultConfigurationName = Release;
		};
		CB7C4443299B8BA500727323 /* Build configuration list for PBXNativeTarget "SampleiOSAppUITests" */ = {
			isa = XCConfigurationList;
			buildConfigurations = (
				CB7C4444299B8BA500727323 /* Debug */,
				CB7C4445299B8BA500727323 /* Release */,
			);
			defaultConfigurationIsVisible = 0;
			defaultConfigurationName = Release;
		};
/* End XCConfigurationList section */

/* Begin XCVersionGroup section */
		CB7C441C299B8BA300727323 /* SampleiOSApp.xcdatamodeld */ = {
			isa = XCVersionGroup;
			children = (
				CB7C441D299B8BA300727323 /* SampleiOSApp.xcdatamodel */,
			);
			currentVersion = CB7C441D299B8BA300727323 /* SampleiOSApp.xcdatamodel */;
			path = SampleiOSApp.xcdatamodeld;
			sourceTree = "<group>";
			versionGroupType = wrapper.xcdatamodel;
		};
/* End XCVersionGroup section */
	};
	rootObject = CB7C4408299B8BA300727323 /* Project object */;
}
